{
  "name": "zod-rpc-websocket-example",
  "version": "1.0.0",
  "lockfileVersion": 3,
  "requires": true,
  "packages": {
    "": {
      "name": "zod-rpc-websocket-example",
      "version": "1.0.0",
      "dependencies": {
        "ws": "^8.18.3",
        "zod": "^4.0.10"
      },
      "devDependencies": {
        "@types/node": "^24.1.0",
        "@types/ws": "^8.18.1",
        "typescript": "^5.8.3"
      }
    },
    "../..": {
      "name": "@xtr-dev/zod-rpc",
      "version": "0.3.2",
      "extraneous": true,
      "license": "Public Domain",
      "dependencies": {
        "zod": "^4.0.0"
      },
      "bin": {
        "zod-rpc-docs": "bin/zod-rpc-docs.js",
        "zod-rpc-export-schemas": "bin/zod-rpc-export-schemas.js"
      },
      "devDependencies": {
        "@eslint/js": "^9.32.0",
        "@types/jest": "^30.0.0",
        "@types/node": "^24.1.0",
        "@types/ws": "^8.18.1",
        "@typescript-eslint/eslint-plugin": "^8.38.0",
        "@typescript-eslint/parser": "^8.38.0",
        "better-docs": "^2.7.3",
        "commander": "^12.1.0",
        "eslint": "^9.32.0",
        "husky": "^9.1.7",
        "jest": "^30.0.5",
        "jsdoc": "^4.0.4",
        "lint-staged": "^16.1.2",
        "marked": "^15.0.2",
        "mathjs": "^13.2.2",
        "prettier": "^3.6.2",
        "ts-jest": "^29.4.0",
        "tsx": "^4.20.3",
        "typedoc": "^0.25.13",
        "typescript": "^5.4.5",
        "ws": "^8.18.3"
      },
      "peerDependencies": {
        "zod": "^4.0.0"
      }
    },
    "node_modules/@types/node": {
      "version": "24.1.0",
      "dev": true,
      "license": "MIT",
      "dependencies": {
        "undici-types": "~7.8.0"
      }
    },
    "node_modules/@types/ws": {
      "version": "8.18.1",
      "dev": true,
      "license": "MIT",
      "dependencies": {
        "@types/node": "*"
      }
    },
    "node_modules/typescript": {
      "version": "5.9.2",
      "dev": true,
      "license": "Apache-2.0",
      "bin": {
        "tsc": "bin/tsc",
        "tsserver": "bin/tsserver"
      },
      "engines": {
        "node": ">=14.17"
      }
    },
    "node_modules/undici-types": {
      "version": "7.8.0",
      "dev": true,
      "license": "MIT"
    },
    "node_modules/ws": {
      "version": "8.18.3",
      "license": "MIT",
      "engines": {
        "node": ">=10.0.0"
      },
      "peerDependencies": {
        "bufferutil": "^4.0.1",
        "utf-8-validate": ">=5.0.2"
      },
      "peerDependenciesMeta": {
        "bufferutil": {
          "optional": true
        },
        "utf-8-validate": {
          "optional": true
        }
      }
    },
    "node_modules/zod": {
      "version": "4.0.14",
      "license": "MIT",
      "funding": {
        "url": "https://github.com/sponsors/colinhacks"
      }
    }
  }
}
